
Microsoft Visual Studio Solution File, Format Version 12.00
# Visual Studio Version 17
VisualStudioVersion = 17.13.35825.156 d17.13
MinimumVisualStudioVersion = 10.0.40219.1
Project("{FAE04EC0-301F-11D3-BF4B-00C04F79EFBC}") = "formvc part2", "formvc part2\formvc part2.csproj", "{3DFF6A53-7618-463A-A7B8-940F0F384F80}"
EndProject
Global
	GlobalSection(SolutionConfigurationPlatforms) = preSolution
		Debug|Any CPU = Debug|Any CPU
		Release|Any CPU = Release|Any CPU
	EndGlobalSection
	GlobalSection(ProjectConfigurationPlatforms) = postSolution
		{3DFF6A53-7618-463A-A7B8-940F0F384F80}.Debug|Any CPU.ActiveCfg = Debug|Any CPU
		{3DFF6A53-7618-463A-A7B8-940F0F384F80}.Debug|Any CPU.Build.0 = Debug|Any CPU
		{3DFF6A53-7618-463A-A7B8-940F0F384F80}.Release|Any CPU.ActiveCfg = Release|Any CPU
		{3DFF6A53-7618-463A-A7B8-940F0F384F80}.Release|Any CPU.Build.0 = Release|Any CPU
	EndGlobalSection
	GlobalSection(SolutionProperties) = preSolution
		HideSolutionNode = FALSE
	EndGlobalSection
	GlobalSection(ExtensibilityGlobals) = postSolution
		SolutionGuid = {EB7ADE23-722E-415A-B2B9-263FF8F23947}
	EndGlobalSection
EndGlobal
